
Microsoft Visual Studio Solution File, Format Version 12.00
# Visual Studio Version 16
VisualStudioVersion = 25.0.1706.1
MinimumVisualStudioVersion = 10.0.40219.1
Project("{FAE04EC0-301F-11D3-BF4B-00C04F79EFBC}") = "Game", "Game\Game.csproj", "{C9D084DA-DCFC-43EC-B6A7-670D8011FA0C}"
EndProject
Global
	GlobalSection(SolutionConfigurationPlatforms) = preSolution
		Debug|Any CPU = Debug|Any CPU
		Release|Any CPU = Release|Any CPU
	EndGlobalSection
	GlobalSection(ProjectConfigurationPlatforms) = postSolution
		{C9D084DA-DCFC-43EC-B6A7-670D8011FA0C}.Debug|Any CPU.ActiveCfg = Debug|Any CPU
		{C9D084DA-DCFC-43EC-B6A7-670D8011FA0C}.Debug|Any CPU.Build.0 = Debug|Any CPU
		{C9D084DA-DCFC-43EC-B6A7-670D8011FA0C}.Release|Any CPU.ActiveCfg = Release|Any CPU
		{C9D084DA-DCFC-43EC-B6A7-670D8011FA0C}.Release|Any CPU.Build.0 = Release|Any CPU
	EndGlobalSection
	GlobalSection(SolutionProperties) = preSolution
		HideSolutionNode = FALSE
	EndGlobalSection
	GlobalSection(ExtensibilityGlobals) = postSolution
		SolutionGuid = {6976EA16-89C3-4497-9836-002C1E93A103}
	EndGlobalSection
EndGlobal
